schema: '2.0'
stages:
  data_ingestion:
    cmd: python src/data/data_ingestion.py
    deps:
    - path: src/data/data_ingestion.py
      hash: md5
      md5: 32a15a17805e097e531e563504f31f12
      size: 4031
    params:
      params.yaml:
        data_ingestion.test_size: 0.27
    outs:
    - path: data/raw
      hash: md5
      md5: fe9b7c3346cf4950a6170dbfe7089ea6.dir
      size: 827973
      nfiles: 2
  data_preprocessing:
    cmd: python src/data/data_preprocessing.py
    deps:
    - path: data/raw
      hash: md5
      md5: fe9b7c3346cf4950a6170dbfe7089ea6.dir
      size: 827973
      nfiles: 2
    - path: src/data/data_preprocessing.py
      hash: md5
      md5: b810d29a9597b95634e91ac98fbe4688
      size: 4159
    outs:
    - path: data/interim
      hash: md5
      md5: 7aa7ff7ab232580a5c44aa360f2c2a9e.dir
      size: 566210
      nfiles: 2
  feature_eng:
    cmd: python src/features/feature_eng.py
    deps:
    - path: data/interim
      hash: md5
      md5: 7aa7ff7ab232580a5c44aa360f2c2a9e.dir
      size: 566210
      nfiles: 2
    - path: src/features/feature_eng.py
      hash: md5
      md5: 8bb139902de322dfe6af5db279c630fc
      size: 4097
    params:
      params.yaml:
        feature_eng.max_features: 3002
    outs:
    - path: data/processed
      hash: md5
      md5: 84abc5162daceaec9427a46e25a0475d.dir
      size: 62344432
      nfiles: 2
    - path: models/vectorizer.pkl
      hash: md5
      md5: a901dd5b98e13e8c232074cc7eb913d8
      size: 83181
  model_building:
    cmd: python src/model/model_building.py
    deps:
    - path: data/processed
      hash: md5
      md5: 84abc5162daceaec9427a46e25a0475d.dir
      size: 62344432
      nfiles: 2
    - path: src/model/model_building.py
      hash: md5
      md5: 3177f40b806869ecadcbcaed96b068a1
      size: 2469
    outs:
    - path: models/model.pkl
      hash: md5
      md5: 332f5c7bcde0bef962eaf9a3095c0f6f
      size: 24733
  model_evaluation:
    cmd: python src/model/model_evaluation.py
    deps:
    - path: models/model.pkl
      hash: md5
      md5: 332f5c7bcde0bef962eaf9a3095c0f6f
      size: 24733
    - path: src/model/model_evaluation.py
      hash: md5
      md5: e19dfe7f0010640349537a54e86bb4ca
      size: 6564
    outs:
    - path: reports/experiment_info.json
      hash: md5
      md5: 26e18e7cdaf5fb67a921cce530f0775b
      size: 82
    - path: reports/metrics.json
      hash: md5
      md5: 6afaa4bef262f43bddae9f90140a5fa7
      size: 144
  model_registration:
    cmd: python src/model/register_model.py
    deps:
    - path: reports/experiment_info.json
      hash: md5
      md5: 26e18e7cdaf5fb67a921cce530f0775b
      size: 82
    - path: src/model/register_model.py
      hash: md5
      md5: d5101e2a28f8f9acbe378f9525ca4356
      size: 6306
